
Microsoft Visual Studio Solution File, Format Version 12.00
# Visual Studio Version 17
VisualStudioVersion = 17.5.33502.453
MinimumVisualStudioVersion = 10.0.40219.1
Project("{FAE04EC0-301F-11D3-BF4B-00C04F79EFBC}") = "MvcCoreDynamoDb", "MvcCoreDynamoDb\MvcCoreDynamoDb.csproj", "{E2248175-2904-40B3-92F1-F006DDCC52C6}"
EndProject
Global
	GlobalSection(SolutionConfigurationPlatforms) = preSolution
		Debug|Any CPU = Debug|Any CPU
		Release|Any CPU = Release|Any CPU
	EndGlobalSection
	GlobalSection(ProjectConfigurationPlatforms) = postSolution
		{E2248175-2904-40B3-92F1-F006DDCC52C6}.Debug|Any CPU.ActiveCfg = Debug|Any CPU
		{E2248175-2904-40B3-92F1-F006DDCC52C6}.Debug|Any CPU.Build.0 = Debug|Any CPU
		{E2248175-2904-40B3-92F1-F006DDCC52C6}.Release|Any CPU.ActiveCfg = Release|Any CPU
		{E2248175-2904-40B3-92F1-F006DDCC52C6}.Release|Any CPU.Build.0 = Release|Any CPU
	EndGlobalSection
	GlobalSection(SolutionProperties) = preSolution
		HideSolutionNode = FALSE
	EndGlobalSection
	GlobalSection(ExtensibilityGlobals) = postSolution
		SolutionGuid = {9FE4EBB0-5D06-4671-A3A1-262C8BAAD8FC}
	EndGlobalSection
EndGlobal
